
Microsoft Visual Studio Solution File, Format Version 12.00
# Visual Studio Version 16
VisualStudioVersion = 16.0.31229.75
MinimumVisualStudioVersion = 10.0.40219.1
Project("{F184B08F-C81C-45F6-A57F-5ABD9991F28F}") = "Principal", "Principal\Principal.vbproj", "{B6B9C83A-526E-4A0B-AB65-5C608F121D81}"
EndProject
Project("{F184B08F-C81C-45F6-A57F-5ABD9991F28F}") = "BancoDados", "BancoDados\BancoDados.vbproj", "{74A91108-6F5E-43C1-97A0-D62934184D26}"
EndProject
Global
	GlobalSection(SolutionConfigurationPlatforms) = preSolution
		Debug|Any CPU = Debug|Any CPU
		Release|Any CPU = Release|Any CPU
	EndGlobalSection
	GlobalSection(ProjectConfigurationPlatforms) = postSolution
		{B6B9C83A-526E-4A0B-AB65-5C608F121D81}.Debug|Any CPU.ActiveCfg = Debug|Any CPU
		{B6B9C83A-526E-4A0B-AB65-5C608F121D81}.Debug|Any CPU.Build.0 = Debug|Any CPU
		{B6B9C83A-526E-4A0B-AB65-5C608F121D81}.Release|Any CPU.ActiveCfg = Release|Any CPU
		{B6B9C83A-526E-4A0B-AB65-5C608F121D81}.Release|Any CPU.Build.0 = Release|Any CPU
		{74A91108-6F5E-43C1-97A0-D62934184D26}.Debug|Any CPU.ActiveCfg = Debug|Any CPU
		{74A91108-6F5E-43C1-97A0-D62934184D26}.Debug|Any CPU.Build.0 = Debug|Any CPU
		{74A91108-6F5E-43C1-97A0-D62934184D26}.Release|Any CPU.ActiveCfg = Release|Any CPU
		{74A91108-6F5E-43C1-97A0-D62934184D26}.Release|Any CPU.Build.0 = Release|Any CPU
	EndGlobalSection
	GlobalSection(SolutionProperties) = preSolution
		HideSolutionNode = FALSE
	EndGlobalSection
	GlobalSection(ExtensibilityGlobals) = postSolution
		SolutionGuid = {1A0934D4-93F0-481F-BFCD-F362CBDD3613}
	EndGlobalSection
EndGlobal
